# This file is autogenerated, do not edit; changes may be undone by the next 'dep ensure'.


[[projects]]
  branch = "master"
  digest = "1:df416aef14f1103aea76c44be36073f8765565aba08e8acb37cde8c15f28bf33"
  name = "github.com/AndreasBriese/bbloom"
  packages = ["."]
  pruneopts = "UT"
  revision = "46b345b51c9667fcbaad862a370d73bd7aa802b6"

[[projects]]
  digest = "1:9f3b30d9f8e0d7040f729b82dcbc8f0dead820a133b3147ce355fc451f32d761"
  name = "github.com/BurntSushi/toml"
  packages = ["."]
  pruneopts = "UT"
  revision = "3012a1dbe2e4bd1391d42b32f0577cb7bbc7f005"
  version = "v0.3.1"

[[projects]]
  digest = "1:9909e0a06cff3bd88841c9d2e0cc91b0a431676009018c74c3315f33b49b0046"
  name = "github.com/StackExchange/wmi"
  packages = ["."]
  pruneopts = "UT"
  revision = "cbe66965904dbe8a6cd589e2298e5d8b986bd7dd"
  version = "1.1.0"

[[projects]]
  branch = "master"
  digest = "1:95f4fdfbc8d7723bd21e467aabe98d86f06d3e2557b1ba92bf9df8aea6706784"
  name = "github.com/btcsuite/btcutil"
  packages = ["base58"]
  pruneopts = "UT"
  revision = "e17c9730c422e7c745002430f2782b948b59c1c2"

[[projects]]
  digest = "1:84ac6d0ec89d3f5be0f376e1762a4fa9f1a8bcbdcceb3857f4a137bba72985fb"
  name = "github.com/dgraph-io/badger"
  packages = [
    ".",
    "options",
    "protos",
    "skl",
    "table",
    "y",
  ]
  pruneopts = "UT"
  revision = "3b57d2fc988219f8f22dd0e33459ca7443b59200"

[[projects]]
  branch = "master"
  digest = "1:7b5b445d4d7b8d18eb794783e7559e90d1f1fca4bf3c2f1c249f11b582e6f546"
  name = "github.com/dgryski/go-farm"
  packages = ["."]
  pruneopts = "UT"
  revision = "c2139c5d712b01d0410c2e51d4bdc588b4eb6ca3"

[[projects]]
  digest = "1:abeb38ade3f32a92943e5be54f55ed6d6e3b6602761d74b4aab4c9dd45c18abd"
  name = "github.com/fsnotify/fsnotify"
  packages = ["."]
  pruneopts = "UT"
  revision = "c2828203cd70a50dcccfb2761f8b1f8ceef9a8e9"
  version = "v1.4.7"

[[projects]]
  digest = "1:5b08258ca7377e33151617e7d04a66c6ebdbb48c59468f045d6e9462324eeb41"
  name = "github.com/go-ego/cedar"
  packages = ["."]
  pruneopts = "UT"
  revision = "5ebe674aeba18c740e803ec8b5c06369159e370e"

[[projects]]
  digest = "1:398f57f17bd51b5e5253cb9c8d17e7ca96592bfa01728f68384bdca10caa1c9f"
  name = "github.com/go-ego/gpy"
  packages = ["."]
  pruneopts = "UT"
  revision = "66bb7e1b2fd0bc98832db09ac0988657c05d7baf"

[[projects]]
  digest = "1:1404c3901c681c3f563f93914b298e8fdea22e4ab63453c06fd5dee6d1024946"
  name = "github.com/go-ego/gse"
  packages = ["."]
  pruneopts = "UT"
  revision = "89de1c35652f04a8e41e48e999b6884ce05c6475"

[[projects]]
  digest = "1:322b34c1219cc7863de7fb5aa2807e017e46070880d60891f18caa5a2e5ccd89"
  name = "github.com/go-ego/murmur"
  packages = ["."]
  pruneopts = "UT"
  revision = "84b529b16d22c6d88ad6dbb228a86ef06d27400a"

[[projects]]
  branch = "master"
  digest = "1:54a96282f72cb9254d103fc607360a86e8d7cb6b07f5abac46c4ee9a36e5d4e4"
  name = "github.com/go-ego/riot"
  packages = [
    ".",
    "core",
    "store",
    "types",
    "utils",
  ]
  pruneopts = "UT"
  revision = "bdbc256e4cbdd26206c5b3d3235b66e00189549e"

[[projects]]
  digest = "1:440028f55cb322d8cb5b9d5ebec298a00b7d74690a658fe6b1c0c0b44341bfae"
  name = "github.com/go-ole/go-ole"
  packages = [
    ".",
    "oleutil",
  ]
  pruneopts = "UT"
  revision = "97b6244175ae18ea6eef668034fd6565847501c9"
  version = "v1.2.4"

[[projects]]
  branch = "master"
  digest = "1:93b5e9b601aadd8fbfcfe127337cd09472fa89682f2c632f9050c206ceeec98e"
  name = "github.com/go-vgo/gt"
  packages = [
    "conf",
    "info",
  ]
  pruneopts = "UT"
  revision = "fb66a9894f79624d6128db648d4c7ac905365d93"

[[projects]]
  digest = "1:573ca21d3669500ff845bdebee890eb7fc7f0f50c59f2132f2a0c6b03d85086a"
  name = "github.com/golang/protobuf"
  packages = ["proto"]
  pruneopts = "UT"
  revision = "6c65a5562fc06764971b7c5d05c76c75e84bdbf7"
  version = "v1.3.2"

[[projects]]
  digest = "1:e4f5819333ac698d294fe04dbf640f84719658d5c7ce195b10060cc37292ce79"
  name = "github.com/golang/snappy"
  packages = ["."]
  pruneopts = "UT"
  revision = "2a8bb927dd31d8daada140a5d09578521ce5c36a"
  version = "v0.0.1"

[[projects]]
  branch = "master"
  digest = "1:256a1d3cca087336108031aa6f36904362bc68192a10e5bf096877aefcaee085"
  name = "github.com/google/uuid"
  packages = ["."]
  pruneopts = "UT"
  revision = "c2e93f3ae59f2904160ceaab466009f965df46d6"

[[projects]]
  branch = "master"
  digest = "1:e62657cca9badaa308d86e7716083e4c5933bb78e30a17743fc67f50be26f6f4"
  name = "github.com/gorilla/websocket"
  packages = ["."]
  pruneopts = "UT"
  revision = "c3e18be99d19e6b3e8f1559eea2c161a665c4b6b"

[[projects]]
  branch = "master"
  digest = "1:a21bc477fa894d56ee83e6cb04eba08d183366ad5a717e36c51867c04f2a5ad9"
  name = "github.com/mattn/go-sqlite3"
  packages = ["."]
  pruneopts = "UT"
  revision = "d51eaf3b34716568abaa4572ba9b0d5dd8e29d97"

[[projects]]
  branch = "master"
  digest = "1:b0eb641b43b44b196880360efaf95e5916cb2bea747935932694b7003ea8adb3"
  name = "github.com/mmcloughlin/avo"
  packages = [
    "attr",
    "build",
    "buildtags",
    "gotypes",
    "internal/prnt",
    "internal/stack",
    "ir",
    "operand",
    "pass",
    "printer",
    "reg",
    "src",
    "x86",
  ]
  pruneopts = "UT"
  revision = "205fc6a3d76b01529817bc64d037340b558d2c05"

[[projects]]
  digest = "1:6eea828983c70075ca297bb915ffbcfd3e34c5a50affd94428a65df955c0ff9c"
  name = "github.com/pelletier/go-toml"
  packages = ["."]
  pruneopts = "UT"
  revision = "903d9455db9ff1d7ac1ab199062eca7266dd11a3"
  version = "v1.6.0"

[[projects]]
  digest = "1:9053d7051fbebf02ad72d984134c2ba462eb46f7506e1145534550e6d0f702a5"
  name = "github.com/pkg/errors"
  packages = ["."]
  pruneopts = "UT"
  revision = "49f8f617296114c890ae0b7ac18c5953d2b1ca0f"
  version = "v0.9.0"

[[projects]]
  digest = "1:4cb0fe95dd1bb9cc22f40250c3d9f1477f379dce77f802a0c1feb57738108249"
  name = "github.com/shirou/gopsutil"
  packages = [
    "cpu",
    "disk",
    "host",
    "internal/common",
    "mem",
    "net",
    "process",
  ]
  pruneopts = "UT"
  revision = "3dd8bd46d9a1ccbd37b3ba6e3dc1dc7d37ba8dc5"

[[projects]]
  branch = "master"
  digest = "1:99c6a6dab47067c9b898e8c8b13d130c6ab4ffbcc4b7cc6236c2cd0b1e344f5b"
  name = "github.com/shirou/w32"
  packages = ["."]
  pruneopts = "UT"
  revision = "bb4de0191aa41b5507caa14b0650cdbddcd9280b"

[[projects]]
  digest = "1:d3c7b6840fa3af6b231ce6e391fe4b9c0556a77dacae817719f350a364aa765d"
  name = "github.com/syndtr/goleveldb"
  packages = [
    "leveldb",
    "leveldb/cache",
    "leveldb/comparer",
    "leveldb/errors",
    "leveldb/filter",
    "leveldb/iterator",
    "leveldb/journal",
    "leveldb/memdb",
    "leveldb/opt",
    "leveldb/storage",
    "leveldb/table",
    "leveldb/util",
  ]
  pruneopts = "UT"
  revision = "549b6d6b1c0419617182954dd77770f2e2685ed5"

[[projects]]
  digest = "1:f2ac2c724fc8214bb7b9dd6d4f5b7a983152051f5133320f228557182263cb94"
  name = "go.etcd.io/bbolt"
  packages = ["."]
  pruneopts = "UT"
  revision = "a0458a2b35708eef59eb5f620ceb3cd1c01a824d"
  version = "v1.3.3"

[[projects]]
  branch = "master"
  digest = "1:aac6adc6faf85e1725b30996800f0a03d485c83625581f659e5c42a949445e2d"
  name = "golang.org/x/net"
  packages = [
    "internal/timeseries",
    "trace",
    "websocket",
  ]
  pruneopts = "UT"
  revision = "c0dbc17a35534bf2e581d7a942408dc936316da4"

[[projects]]
  branch = "master"
  digest = "1:c8faf148023f13e62a93d3ed6c01fc586b3c6b52a40c5c9b0f2220bae71f390a"
  name = "golang.org/x/sys"
  packages = [
    "unix",
    "windows",
  ]
  pruneopts = "UT"
  revision = "548cf772de5052aa878ccb47cdeb7d262b75c8ec"

[[projects]]
  branch = "master"
  digest = "1:0634daeabb9e4634a767484386c217e9ebfd0b270280e13f38dc7e67c65879e3"
  name = "golang.org/x/tools"
  packages = [
    "go/ast/astutil",
    "go/gcexportdata",
    "go/internal/gcimporter",
    "go/internal/packagesdriver",
    "go/packages",
    "go/types/typeutil",
    "internal/fastwalk",
    "internal/gopathwalk",
    "internal/semver",
  ]
  pruneopts = "UT"
  revision = "eac381796e91db0acd689726cce5b78086509607"

[solve-meta]
  analyzer-name = "dep"
  analyzer-version = 1
  input-imports = [
    "github.com/btcsuite/btcutil/base58",
    "github.com/go-ego/riot",
    "github.com/go-ego/riot/types",
    "github.com/google/uuid",
    "github.com/gorilla/websocket",
    "github.com/mattn/go-sqlite3",
    "golang.org/x/net/websocket",
  ]
  solver-name = "gps-cdcl"
  solver-version = 1
